
Microsoft Visual Studio Solution File, Format Version 12.00
# Visual Studio Version 16
VisualStudioVersion = 16.0.29905.134
MinimumVisualStudioVersion = 10.0.40219.1
Project("{FAE04EC0-301F-11D3-BF4B-00C04F79EFBC}") = "Medlatec2021", "Medlatec2021\Medlatec2021.csproj", "{91224E85-26AF-4202-BFB9-7614D1E5F436}"
EndProject
Global
	GlobalSection(SolutionConfigurationPlatforms) = preSolution
		Debug|Any CPU = Debug|Any CPU
		Release|Any CPU = Release|Any CPU
	EndGlobalSection
	GlobalSection(ProjectConfigurationPlatforms) = postSolution
		{91224E85-26AF-4202-BFB9-7614D1E5F436}.Debug|Any CPU.ActiveCfg = Debug|Any CPU
		{91224E85-26AF-4202-BFB9-7614D1E5F436}.Debug|Any CPU.Build.0 = Debug|Any CPU
		{91224E85-26AF-4202-BFB9-7614D1E5F436}.Release|Any CPU.ActiveCfg = Release|Any CPU
		{91224E85-26AF-4202-BFB9-7614D1E5F436}.Release|Any CPU.Build.0 = Release|Any CPU
	EndGlobalSection
	GlobalSection(SolutionProperties) = preSolution
		HideSolutionNode = FALSE
	EndGlobalSection
	GlobalSection(ExtensibilityGlobals) = postSolution
		SolutionGuid = {09496A89-A082-4CAB-87B1-4B944EFB3006}
	EndGlobalSection
EndGlobal
